
Microsoft Visual Studio Solution File, Format Version 12.00
# Visual Studio 15
Project("{FAE04EC0-301F-11D3-BF4B-00C04F79EFBC}") = "UnityEngine.UI", "UnityEngine.UI.csproj", "{F76D7DF9-CA1E-C0E8-4E91-2093586F22AB}"
EndProject
Project("{FAE04EC0-301F-11D3-BF4B-00C04F79EFBC}") = "Unity.RenderPipelines.Core.Runtime", "Unity.RenderPipelines.Core.Runtime.csproj", "{A43C4D01-A1A4-DCD8-DD45-D7731A3E57AF}"
EndProject
Project("{FAE04EC0-301F-11D3-BF4B-00C04F79EFBC}") = "UnityEngine.TestRunner", "UnityEngine.TestRunner.csproj", "{9922387C-9B99-CE86-1BCB-9CE182140622}"
EndProject
Project("{FAE04EC0-301F-11D3-BF4B-00C04F79EFBC}") = "Unity.Mathematics", "Unity.Mathematics.csproj", "{50BF069D-75E5-CF3F-FF7F-6D5F45D95E6D}"
EndProject
Project("{FAE04EC0-301F-11D3-BF4B-00C04F79EFBC}") = "Unity.RenderPipelines.Universal.Runtime", "Unity.RenderPipelines.Universal.Runtime.csproj", "{BA29516A-0F79-620E-CC79-F907B7FFAE51}"
EndProject
Project("{FAE04EC0-301F-11D3-BF4B-00C04F79EFBC}") = "Unity.2D.Animation.Runtime", "Unity.2D.Animation.Runtime.csproj", "{9F8AF424-92F2-8DA6-904C-8FCAFE09BE43}"
EndProject
Project("{FAE04EC0-301F-11D3-BF4B-00C04F79EFBC}") = "Unity.TextMeshPro", "Unity.TextMeshPro.csproj", "{3A17F1E2-C5D4-8D8F-ECC8-E3453F2DC997}"
EndProject
Project("{FAE04EC0-301F-11D3-BF4B-00C04F79EFBC}") = "Unity.Timeline", "Unity.Timeline.csproj", "{32FFF268-2030-02FE-B940-B3D35E8EDC5A}"
EndProject
Project("{FAE04EC0-301F-11D3-BF4B-00C04F79EFBC}") = "Unity.2D.SpriteShape.Runtime", "Unity.2D.SpriteShape.Runtime.csproj", "{20F8CF6F-A6F4-042E-DF92-E97E03B4BE06}"
EndProject
Project("{FAE04EC0-301F-11D3-BF4B-00C04F79EFBC}") = "Assembly-CSharp", "Assembly-CSharp.csproj", "{30C3E23A-02C4-2DF7-3C69-A11720D37B0A}"
EndProject
Project("{FAE04EC0-301F-11D3-BF4B-00C04F79EFBC}") = "Unity.2D.Animation.Triangle.Runtime", "Unity.2D.Animation.Triangle.Runtime.csproj", "{4FF03DB0-83A8-E30E-3C5E-33AF88284A71}"
EndProject
Project("{FAE04EC0-301F-11D3-BF4B-00C04F79EFBC}") = "Unity.2D.PixelPerfect", "Unity.2D.PixelPerfect.csproj", "{1FE445BE-D6AF-33EE-4D47-39FA0B2B70A3}"
EndProject
Project("{FAE04EC0-301F-11D3-BF4B-00C04F79EFBC}") = "Unity.2D.IK.Runtime", "Unity.2D.IK.Runtime.csproj", "{F860189C-E771-2821-0BD3-3EA446CB1F9B}"
EndProject
Project("{FAE04EC0-301F-11D3-BF4B-00C04F79EFBC}") = "Unity.2D.Common.Runtime", "Unity.2D.Common.Runtime.csproj", "{7F431832-0F14-5595-EFA9-1328A05FC8F8}"
EndProject
Project("{FAE04EC0-301F-11D3-BF4B-00C04F79EFBC}") = "Unity.RenderPipelines.Core.ShaderLibrary", "Unity.RenderPipelines.Core.ShaderLibrary.csproj", "{72403D8F-C642-1DE7-03F7-C6792EB06403}"
EndProject
Project("{FAE04EC0-301F-11D3-BF4B-00C04F79EFBC}") = "Unity.InternalAPIEngineBridge.001", "Unity.InternalAPIEngineBridge.001.csproj", "{295AA914-8CB5-5784-CC57-F56F7B15225B}"
EndProject
Project("{FAE04EC0-301F-11D3-BF4B-00C04F79EFBC}") = "Unity.RenderPipeline.Universal.ShaderLibrary", "Unity.RenderPipeline.Universal.ShaderLibrary.csproj", "{02F816CF-652D-4671-5723-C95BD0BB119B}"
EndProject
Project("{FAE04EC0-301F-11D3-BF4B-00C04F79EFBC}") = "Unity.RenderPipelines.Universal.Shaders", "Unity.RenderPipelines.Universal.Shaders.csproj", "{F18D2E1D-B6C8-FD4A-42E6-F7FD2C3986E8}"
EndProject
Project("{FAE04EC0-301F-11D3-BF4B-00C04F79EFBC}") = "Unity.RenderPipelines.ShaderGraph.ShaderGraphLibrary", "Unity.RenderPipelines.ShaderGraph.ShaderGraphLibrary.csproj", "{3B397BEC-7ED9-68C5-A1E8-133C6FC7F603}"
EndProject
Project("{FAE04EC0-301F-11D3-BF4B-00C04F79EFBC}") = "Unity.ShaderGraph.Editor", "Unity.ShaderGraph.Editor.csproj", "{CB4EB2CB-A501-C698-1AE8-083053420F39}"
EndProject
Project("{FAE04EC0-301F-11D3-BF4B-00C04F79EFBC}") = "Unity.VisualStudio.Editor", "Unity.VisualStudio.Editor.csproj", "{F8CAAB87-61E0-EC9B-EE88-41CF69630DFA}"
EndProject
Project("{FAE04EC0-301F-11D3-BF4B-00C04F79EFBC}") = "Unity.Timeline.Editor", "Unity.Timeline.Editor.csproj", "{1ABBBA29-C35F-AFCB-F8A5-9A275F00191E}"
EndProject
Project("{FAE04EC0-301F-11D3-BF4B-00C04F79EFBC}") = "Unity.TextMeshPro.Editor", "Unity.TextMeshPro.Editor.csproj", "{05792AC4-8EB9-C3CB-50AE-4B9D77D68D66}"
EndProject
Project("{FAE04EC0-301F-11D3-BF4B-00C04F79EFBC}") = "Unity.2D.Animation.Editor", "Unity.2D.Animation.Editor.csproj", "{4F518DC0-44CB-EB13-22D6-B039C5FEABAC}"
EndProject
Project("{FAE04EC0-301F-11D3-BF4B-00C04F79EFBC}") = "Unity.CollabProxy.Editor", "Unity.CollabProxy.Editor.csproj", "{B896486A-0C77-E655-0362-1251F1605CBB}"
EndProject
Project("{FAE04EC0-301F-11D3-BF4B-00C04F79EFBC}") = "UnityEditor.TestRunner", "UnityEditor.TestRunner.csproj", "{1ECF1CEE-0164-A330-9D05-8BDD41FCCBBC}"
EndProject
Project("{FAE04EC0-301F-11D3-BF4B-00C04F79EFBC}") = "Unity.Rider.Editor", "Unity.Rider.Editor.csproj", "{A35132BC-E9F3-7B8B-85AC-DE7575BA790E}"
EndProject
Project("{FAE04EC0-301F-11D3-BF4B-00C04F79EFBC}") = "Unity.2D.Path.Editor", "Unity.2D.Path.Editor.csproj", "{AAFB071A-2A29-81F4-5F52-EEB3188A6D16}"
EndProject
Project("{FAE04EC0-301F-11D3-BF4B-00C04F79EFBC}") = "Unity.RenderPipelines.Universal.Editor", "Unity.RenderPipelines.Universal.Editor.csproj", "{0B29C470-1F16-7135-16F5-2BEFE1918E66}"
EndProject
Project("{FAE04EC0-301F-11D3-BF4B-00C04F79EFBC}") = "PsdPlugin", "PsdPlugin.csproj", "{74D7F593-ADB8-FB60-CDFE-99F8850C946A}"
EndProject
Project("{FAE04EC0-301F-11D3-BF4B-00C04F79EFBC}") = "Unity.RenderPipelines.Core.Editor", "Unity.RenderPipelines.Core.Editor.csproj", "{C0D22046-4CA1-1190-B1EF-C6860A631539}"
EndProject
Project("{FAE04EC0-301F-11D3-BF4B-00C04F79EFBC}") = "Unity.2D.IK.Editor", "Unity.2D.IK.Editor.csproj", "{537F93CF-3E31-C7D9-03CF-FC5E41ED4421}"
EndProject
Project("{FAE04EC0-301F-11D3-BF4B-00C04F79EFBC}") = "Unity.Searcher.Editor", "Unity.Searcher.Editor.csproj", "{D3599B59-DBA7-A5BB-D811-1248BF208BFC}"
EndProject
Project("{FAE04EC0-301F-11D3-BF4B-00C04F79EFBC}") = "Unity.2D.Psdimporter.Editor", "Unity.2D.Psdimporter.Editor.csproj", "{F861EC13-E5F3-D268-6116-2FB4672AC6DE}"
EndProject
Project("{FAE04EC0-301F-11D3-BF4B-00C04F79EFBC}") = "Unity.2D.SpriteShape.Editor", "Unity.2D.SpriteShape.Editor.csproj", "{8E93DE81-6024-DF7D-61B9-C3D866B74A29}"
EndProject
Project("{FAE04EC0-301F-11D3-BF4B-00C04F79EFBC}") = "Unity.SysrootPackage.Editor", "Unity.SysrootPackage.Editor.csproj", "{4F9446AA-0651-DDD8-08D8-E36CB13B68FD}"
EndProject
Project("{FAE04EC0-301F-11D3-BF4B-00C04F79EFBC}") = "Unity.2D.Tilemap.Editor", "Unity.2D.Tilemap.Editor.csproj", "{8FEF59A9-0FCE-2035-B737-6EBFD5727792}"
EndProject
Project("{FAE04EC0-301F-11D3-BF4B-00C04F79EFBC}") = "Unity.2D.PixelPerfect.Editor", "Unity.2D.PixelPerfect.Editor.csproj", "{6615F25B-A64C-1B7E-A502-AC45BC67575E}"
EndProject
Project("{FAE04EC0-301F-11D3-BF4B-00C04F79EFBC}") = "Unity.Toolchain.Win-x86_64-Linux-x86_64", "Unity.Toolchain.Win-x86_64-Linux-x86_64.csproj", "{E74591D0-CEB5-3249-AAA4-D0E7294C257D}"
EndProject
Project("{FAE04EC0-301F-11D3-BF4B-00C04F79EFBC}") = "Unity.VSCode.Editor", "Unity.VSCode.Editor.csproj", "{6C3EFF66-CE8F-765F-8D45-B89A2B0467FE}"
EndProject
Project("{FAE04EC0-301F-11D3-BF4B-00C04F79EFBC}") = "Unity.2D.Sprite.Editor", "Unity.2D.Sprite.Editor.csproj", "{C508E0FE-0C00-CC59-B95A-6E883AC4CAA3}"
EndProject
Project("{FAE04EC0-301F-11D3-BF4B-00C04F79EFBC}") = "UnityEditor.UI", "UnityEditor.UI.csproj", "{5DE51D0C-EFE7-A75B-55C9-D33A5D188706}"
EndProject
Project("{FAE04EC0-301F-11D3-BF4B-00C04F79EFBC}") = "Assembly-CSharp-Editor", "Assembly-CSharp-Editor.csproj", "{0DD953B3-0350-7387-7739-5A7A86E71BC5}"
EndProject
Project("{FAE04EC0-301F-11D3-BF4B-00C04F79EFBC}") = "Unity.Mathematics.Editor", "Unity.Mathematics.Editor.csproj", "{ADD9EFB9-B852-C6EF-8B2C-338352343291}"
EndProject
Project("{FAE04EC0-301F-11D3-BF4B-00C04F79EFBC}") = "Unity.2D.Common.Editor", "Unity.2D.Common.Editor.csproj", "{1BCF3E0B-9C4D-DD2E-E736-48E78FB3C911}"
EndProject
Project("{FAE04EC0-301F-11D3-BF4B-00C04F79EFBC}") = "Unity.InternalAPIEditorBridge.001", "Unity.InternalAPIEditorBridge.001.csproj", "{5CE1A7F1-8BD7-050D-C92E-8E9494C4BF41}"
EndProject
Project("{FAE04EC0-301F-11D3-BF4B-00C04F79EFBC}") = "Unity.ShaderGraph.Utilities", "Unity.ShaderGraph.Utilities.csproj", "{AEED3E78-3F3B-8120-07A2-7D74F8ADFC15}"
EndProject
Project("{FAE04EC0-301F-11D3-BF4B-00C04F79EFBC}") = "Unity.Sysroot.Linux_x86_64", "Unity.Sysroot.Linux_x86_64.csproj", "{B6BE08BA-50AB-ABF7-5831-D78A3804B9C7}"
EndProject
Project("{FAE04EC0-301F-11D3-BF4B-00C04F79EFBC}") = "UnityEngine.UI", "UnityEngine.UI.Player.csproj", "{85BDAAA2-AE6D-7492-F77E-79FDB62EC794}"
EndProject
Project("{FAE04EC0-301F-11D3-BF4B-00C04F79EFBC}") = "Unity.RenderPipelines.Core.Runtime", "Unity.RenderPipelines.Core.Runtime.Player.csproj", "{9C021C14-E3DD-D89F-8F6C-878095BDB96E}"
EndProject
Project("{FAE04EC0-301F-11D3-BF4B-00C04F79EFBC}") = "UnityEngine.TestRunner", "UnityEngine.TestRunner.Player.csproj", "{A6501429-D7FB-E56D-C153-2F3F318A4A98}"
EndProject
Project("{FAE04EC0-301F-11D3-BF4B-00C04F79EFBC}") = "Unity.Mathematics", "Unity.Mathematics.Player.csproj", "{F3FDB545-B48D-86CA-62C2-F84A5D027B2D}"
EndProject
Project("{FAE04EC0-301F-11D3-BF4B-00C04F79EFBC}") = "Unity.RenderPipelines.Universal.Runtime", "Unity.RenderPipelines.Universal.Runtime.Player.csproj", "{BD0948F1-188E-7023-B906-9D33775CD0D9}"
EndProject
Project("{FAE04EC0-301F-11D3-BF4B-00C04F79EFBC}") = "Unity.2D.Animation.Runtime", "Unity.2D.Animation.Runtime.Player.csproj", "{37B153FC-6549-1C94-CFCD-AD9B0F8458D8}"
EndProject
Project("{FAE04EC0-301F-11D3-BF4B-00C04F79EFBC}") = "Unity.TextMeshPro", "Unity.TextMeshPro.Player.csproj", "{B4556839-46E1-A227-6A0D-B66D17FEB7F6}"
EndProject
Project("{FAE04EC0-301F-11D3-BF4B-00C04F79EFBC}") = "Unity.Timeline", "Unity.Timeline.Player.csproj", "{9B6E069D-8EC8-15FC-3767-1A6A33452C7A}"
EndProject
Project("{FAE04EC0-301F-11D3-BF4B-00C04F79EFBC}") = "Unity.2D.SpriteShape.Runtime", "Unity.2D.SpriteShape.Runtime.Player.csproj", "{E853F52B-FE69-3618-494B-86577C3D370A}"
EndProject
Project("{FAE04EC0-301F-11D3-BF4B-00C04F79EFBC}") = "Assembly-CSharp", "Assembly-CSharp.Player.csproj", "{2E7296DE-5809-1891-DB04-FCD9E4846232}"
EndProject
Project("{FAE04EC0-301F-11D3-BF4B-00C04F79EFBC}") = "Unity.2D.Animation.Triangle.Runtime", "Unity.2D.Animation.Triangle.Runtime.Player.csproj", "{27B6BD96-8012-5F2A-92BA-AF87A2E70DFB}"
EndProject
Project("{FAE04EC0-301F-11D3-BF4B-00C04F79EFBC}") = "Unity.2D.PixelPerfect", "Unity.2D.PixelPerfect.Player.csproj", "{C04BDD0B-42BB-2B6E-5703-161FF4FA3992}"
EndProject
Project("{FAE04EC0-301F-11D3-BF4B-00C04F79EFBC}") = "Unity.2D.IK.Runtime", "Unity.2D.IK.Runtime.Player.csproj", "{683769C9-2536-CBF3-26BD-C12398593BBB}"
EndProject
Project("{FAE04EC0-301F-11D3-BF4B-00C04F79EFBC}") = "Unity.2D.Common.Runtime", "Unity.2D.Common.Runtime.Player.csproj", "{C8DC12E7-B892-86A7-B97D-F405C680919C}"
EndProject
Project("{FAE04EC0-301F-11D3-BF4B-00C04F79EFBC}") = "Unity.RenderPipelines.Core.ShaderLibrary", "Unity.RenderPipelines.Core.ShaderLibrary.Player.csproj", "{5033470B-B2E1-599C-B9CB-B8B82A92D33E}"
EndProject
Project("{FAE04EC0-301F-11D3-BF4B-00C04F79EFBC}") = "Unity.InternalAPIEngineBridge.001", "Unity.InternalAPIEngineBridge.001.Player.csproj", "{2214E16F-E67B-BB06-92F3-5F56EC0629E8}"
EndProject
Project("{FAE04EC0-301F-11D3-BF4B-00C04F79EFBC}") = "Unity.RenderPipeline.Universal.ShaderLibrary", "Unity.RenderPipeline.Universal.ShaderLibrary.Player.csproj", "{FEAE094E-447B-80D4-DD97-380198811065}"
EndProject
Project("{FAE04EC0-301F-11D3-BF4B-00C04F79EFBC}") = "Unity.RenderPipelines.Universal.Shaders", "Unity.RenderPipelines.Universal.Shaders.Player.csproj", "{02A8F228-4848-DFE6-4409-280F21CD8936}"
EndProject
Project("{FAE04EC0-301F-11D3-BF4B-00C04F79EFBC}") = "Unity.RenderPipelines.ShaderGraph.ShaderGraphLibrary", "Unity.RenderPipelines.ShaderGraph.ShaderGraphLibrary.Player.csproj", "{9FA899D9-3FA2-E127-1889-97CB454AE695}"
EndProject
Global
	GlobalSection(SolutionConfigurationPlatforms) = preSolution
		Debug|Any CPU = Debug|Any CPU
		Release|Any CPU = Release|Any CPU
	EndGlobalSection
	GlobalSection(ProjectConfigurationPlatforms) = postSolution
		{F76D7DF9-CA1E-C0E8-4E91-2093586F22AB}.Debug|Any CPU.ActiveCfg = Debug|Any CPU
		{F76D7DF9-CA1E-C0E8-4E91-2093586F22AB}.Debug|Any CPU.Build.0 = Debug|Any CPU
		{F76D7DF9-CA1E-C0E8-4E91-2093586F22AB}.Release|Any CPU.ActiveCfg = Release|Any CPU
		{F76D7DF9-CA1E-C0E8-4E91-2093586F22AB}.Release|Any CPU.Build.0 = Release|Any CPU
		{A43C4D01-A1A4-DCD8-DD45-D7731A3E57AF}.Debug|Any CPU.ActiveCfg = Debug|Any CPU
		{A43C4D01-A1A4-DCD8-DD45-D7731A3E57AF}.Debug|Any CPU.Build.0 = Debug|Any CPU
		{A43C4D01-A1A4-DCD8-DD45-D7731A3E57AF}.Release|Any CPU.ActiveCfg = Release|Any CPU
		{A43C4D01-A1A4-DCD8-DD45-D7731A3E57AF}.Release|Any CPU.Build.0 = Release|Any CPU
		{9922387C-9B99-CE86-1BCB-9CE182140622}.Debug|Any CPU.ActiveCfg = Debug|Any CPU
		{9922387C-9B99-CE86-1BCB-9CE182140622}.Debug|Any CPU.Build.0 = Debug|Any CPU
		{9922387C-9B99-CE86-1BCB-9CE182140622}.Release|Any CPU.ActiveCfg = Release|Any CPU
		{9922387C-9B99-CE86-1BCB-9CE182140622}.Release|Any CPU.Build.0 = Release|Any CPU
		{50BF069D-75E5-CF3F-FF7F-6D5F45D95E6D}.Debug|Any CPU.ActiveCfg = Debug|Any CPU
		{50BF069D-75E5-CF3F-FF7F-6D5F45D95E6D}.Debug|Any CPU.Build.0 = Debug|Any CPU
		{50BF069D-75E5-CF3F-FF7F-6D5F45D95E6D}.Release|Any CPU.ActiveCfg = Release|Any CPU
		{50BF069D-75E5-CF3F-FF7F-6D5F45D95E6D}.Release|Any CPU.Build.0 = Release|Any CPU
		{BA29516A-0F79-620E-CC79-F907B7FFAE51}.Debug|Any CPU.ActiveCfg = Debug|Any CPU
		{BA29516A-0F79-620E-CC79-F907B7FFAE51}.Debug|Any CPU.Build.0 = Debug|Any CPU
		{BA29516A-0F79-620E-CC79-F907B7FFAE51}.Release|Any CPU.ActiveCfg = Release|Any CPU
		{BA29516A-0F79-620E-CC79-F907B7FFAE51}.Release|Any CPU.Build.0 = Release|Any CPU
		{9F8AF424-92F2-8DA6-904C-8FCAFE09BE43}.Debug|Any CPU.ActiveCfg = Debug|Any CPU
		{9F8AF424-92F2-8DA6-904C-8FCAFE09BE43}.Debug|Any CPU.Build.0 = Debug|Any CPU
		{9F8AF424-92F2-8DA6-904C-8FCAFE09BE43}.Release|Any CPU.ActiveCfg = Release|Any CPU
		{9F8AF424-92F2-8DA6-904C-8FCAFE09BE43}.Release|Any CPU.Build.0 = Release|Any CPU
		{3A17F1E2-C5D4-8D8F-ECC8-E3453F2DC997}.Debug|Any CPU.ActiveCfg = Debug|Any CPU
		{3A17F1E2-C5D4-8D8F-ECC8-E3453F2DC997}.Debug|Any CPU.Build.0 = Debug|Any CPU
		{3A17F1E2-C5D4-8D8F-ECC8-E3453F2DC997}.Release|Any CPU.ActiveCfg = Release|Any CPU
		{3A17F1E2-C5D4-8D8F-ECC8-E3453F2DC997}.Release|Any CPU.Build.0 = Release|Any CPU
		{32FFF268-2030-02FE-B940-B3D35E8EDC5A}.Debug|Any CPU.ActiveCfg = Debug|Any CPU
		{32FFF268-2030-02FE-B940-B3D35E8EDC5A}.Debug|Any CPU.Build.0 = Debug|Any CPU
		{32FFF268-2030-02FE-B940-B3D35E8EDC5A}.Release|Any CPU.ActiveCfg = Release|Any CPU
		{32FFF268-2030-02FE-B940-B3D35E8EDC5A}.Release|Any CPU.Build.0 = Release|Any CPU
		{20F8CF6F-A6F4-042E-DF92-E97E03B4BE06}.Debug|Any CPU.ActiveCfg = Debug|Any CPU
		{20F8CF6F-A6F4-042E-DF92-E97E03B4BE06}.Debug|Any CPU.Build.0 = Debug|Any CPU
		{20F8CF6F-A6F4-042E-DF92-E97E03B4BE06}.Release|Any CPU.ActiveCfg = Release|Any CPU
		{20F8CF6F-A6F4-042E-DF92-E97E03B4BE06}.Release|Any CPU.Build.0 = Release|Any CPU
		{30C3E23A-02C4-2DF7-3C69-A11720D37B0A}.Debug|Any CPU.ActiveCfg = Debug|Any CPU
		{30C3E23A-02C4-2DF7-3C69-A11720D37B0A}.Debug|Any CPU.Build.0 = Debug|Any CPU
		{30C3E23A-02C4-2DF7-3C69-A11720D37B0A}.Release|Any CPU.ActiveCfg = Release|Any CPU
		{30C3E23A-02C4-2DF7-3C69-A11720D37B0A}.Release|Any CPU.Build.0 = Release|Any CPU
		{4FF03DB0-83A8-E30E-3C5E-33AF88284A71}.Debug|Any CPU.ActiveCfg = Debug|Any CPU
		{4FF03DB0-83A8-E30E-3C5E-33AF88284A71}.Debug|Any CPU.Build.0 = Debug|Any CPU
		{4FF03DB0-83A8-E30E-3C5E-33AF88284A71}.Release|Any CPU.ActiveCfg = Release|Any CPU
		{4FF03DB0-83A8-E30E-3C5E-33AF88284A71}.Release|Any CPU.Build.0 = Release|Any CPU
		{1FE445BE-D6AF-33EE-4D47-39FA0B2B70A3}.Debug|Any CPU.ActiveCfg = Debug|Any CPU
		{1FE445BE-D6AF-33EE-4D47-39FA0B2B70A3}.Debug|Any CPU.Build.0 = Debug|Any CPU
		{1FE445BE-D6AF-33EE-4D47-39FA0B2B70A3}.Release|Any CPU.ActiveCfg = Release|Any CPU
		{1FE445BE-D6AF-33EE-4D47-39FA0B2B70A3}.Release|Any CPU.Build.0 = Release|Any CPU
		{F860189C-E771-2821-0BD3-3EA446CB1F9B}.Debug|Any CPU.ActiveCfg = Debug|Any CPU
		{F860189C-E771-2821-0BD3-3EA446CB1F9B}.Debug|Any CPU.Build.0 = Debug|Any CPU
		{F860189C-E771-2821-0BD3-3EA446CB1F9B}.Release|Any CPU.ActiveCfg = Release|Any CPU
		{F860189C-E771-2821-0BD3-3EA446CB1F9B}.Release|Any CPU.Build.0 = Release|Any CPU
		{7F431832-0F14-5595-EFA9-1328A05FC8F8}.Debug|Any CPU.ActiveCfg = Debug|Any CPU
		{7F431832-0F14-5595-EFA9-1328A05FC8F8}.Debug|Any CPU.Build.0 = Debug|Any CPU
		{7F431832-0F14-5595-EFA9-1328A05FC8F8}.Release|Any CPU.ActiveCfg = Release|Any CPU
		{7F431832-0F14-5595-EFA9-1328A05FC8F8}.Release|Any CPU.Build.0 = Release|Any CPU
		{72403D8F-C642-1DE7-03F7-C6792EB06403}.Debug|Any CPU.ActiveCfg = Debug|Any CPU
		{72403D8F-C642-1DE7-03F7-C6792EB06403}.Debug|Any CPU.Build.0 = Debug|Any CPU
		{72403D8F-C642-1DE7-03F7-C6792EB06403}.Release|Any CPU.ActiveCfg = Release|Any CPU
		{72403D8F-C642-1DE7-03F7-C6792EB06403}.Release|Any CPU.Build.0 = Release|Any CPU
		{295AA914-8CB5-5784-CC57-F56F7B15225B}.Debug|Any CPU.ActiveCfg = Debug|Any CPU
		{295AA914-8CB5-5784-CC57-F56F7B15225B}.Debug|Any CPU.Build.0 = Debug|Any CPU
		{295AA914-8CB5-5784-CC57-F56F7B15225B}.Release|Any CPU.ActiveCfg = Release|Any CPU
		{295AA914-8CB5-5784-CC57-F56F7B15225B}.Release|Any CPU.Build.0 = Release|Any CPU
		{02F816CF-652D-4671-5723-C95BD0BB119B}.Debug|Any CPU.ActiveCfg = Debug|Any CPU
		{02F816CF-652D-4671-5723-C95BD0BB119B}.Debug|Any CPU.Build.0 = Debug|Any CPU
		{02F816CF-652D-4671-5723-C95BD0BB119B}.Release|Any CPU.ActiveCfg = Release|Any CPU
		{02F816CF-652D-4671-5723-C95BD0BB119B}.Release|Any CPU.Build.0 = Release|Any CPU
		{F18D2E1D-B6C8-FD4A-42E6-F7FD2C3986E8}.Debug|Any CPU.ActiveCfg = Debug|Any CPU
		{F18D2E1D-B6C8-FD4A-42E6-F7FD2C3986E8}.Debug|Any CPU.Build.0 = Debug|Any CPU
		{F18D2E1D-B6C8-FD4A-42E6-F7FD2C3986E8}.Release|Any CPU.ActiveCfg = Release|Any CPU
		{F18D2E1D-B6C8-FD4A-42E6-F7FD2C3986E8}.Release|Any CPU.Build.0 = Release|Any CPU
		{3B397BEC-7ED9-68C5-A1E8-133C6FC7F603}.Debug|Any CPU.ActiveCfg = Debug|Any CPU
		{3B397BEC-7ED9-68C5-A1E8-133C6FC7F603}.Debug|Any CPU.Build.0 = Debug|Any CPU
		{3B397BEC-7ED9-68C5-A1E8-133C6FC7F603}.Release|Any CPU.ActiveCfg = Release|Any CPU
		{3B397BEC-7ED9-68C5-A1E8-133C6FC7F603}.Release|Any CPU.Build.0 = Release|Any CPU
		{CB4EB2CB-A501-C698-1AE8-083053420F39}.Debug|Any CPU.ActiveCfg = Debug|Any CPU
		{CB4EB2CB-A501-C698-1AE8-083053420F39}.Debug|Any CPU.Build.0 = Debug|Any CPU
		{CB4EB2CB-A501-C698-1AE8-083053420F39}.Release|Any CPU.ActiveCfg = Release|Any CPU
		{CB4EB2CB-A501-C698-1AE8-083053420F39}.Release|Any CPU.Build.0 = Release|Any CPU
		{F8CAAB87-61E0-EC9B-EE88-41CF69630DFA}.Debug|Any CPU.ActiveCfg = Debug|Any CPU
		{F8CAAB87-61E0-EC9B-EE88-41CF69630DFA}.Debug|Any CPU.Build.0 = Debug|Any CPU
		{F8CAAB87-61E0-EC9B-EE88-41CF69630DFA}.Release|Any CPU.ActiveCfg = Release|Any CPU
		{F8CAAB87-61E0-EC9B-EE88-41CF69630DFA}.Release|Any CPU.Build.0 = Release|Any CPU
		{1ABBBA29-C35F-AFCB-F8A5-9A275F00191E}.Debug|Any CPU.ActiveCfg = Debug|Any CPU
		{1ABBBA29-C35F-AFCB-F8A5-9A275F00191E}.Debug|Any CPU.Build.0 = Debug|Any CPU
		{1ABBBA29-C35F-AFCB-F8A5-9A275F00191E}.Release|Any CPU.ActiveCfg = Release|Any CPU
		{1ABBBA29-C35F-AFCB-F8A5-9A275F00191E}.Release|Any CPU.Build.0 = Release|Any CPU
		{05792AC4-8EB9-C3CB-50AE-4B9D77D68D66}.Debug|Any CPU.ActiveCfg = Debug|Any CPU
		{05792AC4-8EB9-C3CB-50AE-4B9D77D68D66}.Debug|Any CPU.Build.0 = Debug|Any CPU
		{05792AC4-8EB9-C3CB-50AE-4B9D77D68D66}.Release|Any CPU.ActiveCfg = Release|Any CPU
		{05792AC4-8EB9-C3CB-50AE-4B9D77D68D66}.Release|Any CPU.Build.0 = Release|Any CPU
		{4F518DC0-44CB-EB13-22D6-B039C5FEABAC}.Debug|Any CPU.ActiveCfg = Debug|Any CPU
		{4F518DC0-44CB-EB13-22D6-B039C5FEABAC}.Debug|Any CPU.Build.0 = Debug|Any CPU
		{4F518DC0-44CB-EB13-22D6-B039C5FEABAC}.Release|Any CPU.ActiveCfg = Release|Any CPU
		{4F518DC0-44CB-EB13-22D6-B039C5FEABAC}.Release|Any CPU.Build.0 = Release|Any CPU
		{B896486A-0C77-E655-0362-1251F1605CBB}.Debug|Any CPU.ActiveCfg = Debug|Any CPU
		{B896486A-0C77-E655-0362-1251F1605CBB}.Debug|Any CPU.Build.0 = Debug|Any CPU
		{B896486A-0C77-E655-0362-1251F1605CBB}.Release|Any CPU.ActiveCfg = Release|Any CPU
		{B896486A-0C77-E655-0362-1251F1605CBB}.Release|Any CPU.Build.0 = Release|Any CPU
		{1ECF1CEE-0164-A330-9D05-8BDD41FCCBBC}.Debug|Any CPU.ActiveCfg = Debug|Any CPU
		{1ECF1CEE-0164-A330-9D05-8BDD41FCCBBC}.Debug|Any CPU.Build.0 = Debug|Any CPU
		{1ECF1CEE-0164-A330-9D05-8BDD41FCCBBC}.Release|Any CPU.ActiveCfg = Release|Any CPU
		{1ECF1CEE-0164-A330-9D05-8BDD41FCCBBC}.Release|Any CPU.Build.0 = Release|Any CPU
		{A35132BC-E9F3-7B8B-85AC-DE7575BA790E}.Debug|Any CPU.ActiveCfg = Debug|Any CPU
		{A35132BC-E9F3-7B8B-85AC-DE7575BA790E}.Debug|Any CPU.Build.0 = Debug|Any CPU
		{A35132BC-E9F3-7B8B-85AC-DE7575BA790E}.Release|Any CPU.ActiveCfg = Release|Any CPU
		{A35132BC-E9F3-7B8B-85AC-DE7575BA790E}.Release|Any CPU.Build.0 = Release|Any CPU
		{AAFB071A-2A29-81F4-5F52-EEB3188A6D16}.Debug|Any CPU.ActiveCfg = Debug|Any CPU
		{AAFB071A-2A29-81F4-5F52-EEB3188A6D16}.Debug|Any CPU.Build.0 = Debug|Any CPU
		{AAFB071A-2A29-81F4-5F52-EEB3188A6D16}.Release|Any CPU.ActiveCfg = Release|Any CPU
		{AAFB071A-2A29-81F4-5F52-EEB3188A6D16}.Release|Any CPU.Build.0 = Release|Any CPU
		{0B29C470-1F16-7135-16F5-2BEFE1918E66}.Debug|Any CPU.ActiveCfg = Debug|Any CPU
		{0B29C470-1F16-7135-16F5-2BEFE1918E66}.Debug|Any CPU.Build.0 = Debug|Any CPU
		{0B29C470-1F16-7135-16F5-2BEFE1918E66}.Release|Any CPU.ActiveCfg = Release|Any CPU
		{0B29C470-1F16-7135-16F5-2BEFE1918E66}.Release|Any CPU.Build.0 = Release|Any CPU
		{74D7F593-ADB8-FB60-CDFE-99F8850C946A}.Debug|Any CPU.ActiveCfg = Debug|Any CPU
		{74D7F593-ADB8-FB60-CDFE-99F8850C946A}.Debug|Any CPU.Build.0 = Debug|Any CPU
		{74D7F593-ADB8-FB60-CDFE-99F8850C946A}.Release|Any CPU.ActiveCfg = Release|Any CPU
		{74D7F593-ADB8-FB60-CDFE-99F8850C946A}.Release|Any CPU.Build.0 = Release|Any CPU
		{C0D22046-4CA1-1190-B1EF-C6860A631539}.Debug|Any CPU.ActiveCfg = Debug|Any CPU
		{C0D22046-4CA1-1190-B1EF-C6860A631539}.Debug|Any CPU.Build.0 = Debug|Any CPU
		{C0D22046-4CA1-1190-B1EF-C6860A631539}.Release|Any CPU.ActiveCfg = Release|Any CPU
		{C0D22046-4CA1-1190-B1EF-C6860A631539}.Release|Any CPU.Build.0 = Release|Any CPU
		{537F93CF-3E31-C7D9-03CF-FC5E41ED4421}.Debug|Any CPU.ActiveCfg = Debug|Any CPU
		{537F93CF-3E31-C7D9-03CF-FC5E41ED4421}.Debug|Any CPU.Build.0 = Debug|Any CPU
		{537F93CF-3E31-C7D9-03CF-FC5E41ED4421}.Release|Any CPU.ActiveCfg = Release|Any CPU
		{537F93CF-3E31-C7D9-03CF-FC5E41ED4421}.Release|Any CPU.Build.0 = Release|Any CPU
		{D3599B59-DBA7-A5BB-D811-1248BF208BFC}.Debug|Any CPU.ActiveCfg = Debug|Any CPU
		{D3599B59-DBA7-A5BB-D811-1248BF208BFC}.Debug|Any CPU.Build.0 = Debug|Any CPU
		{D3599B59-DBA7-A5BB-D811-1248BF208BFC}.Release|Any CPU.ActiveCfg = Release|Any CPU
		{D3599B59-DBA7-A5BB-D811-1248BF208BFC}.Release|Any CPU.Build.0 = Release|Any CPU
		{F861EC13-E5F3-D268-6116-2FB4672AC6DE}.Debug|Any CPU.ActiveCfg = Debug|Any CPU
		{F861EC13-E5F3-D268-6116-2FB4672AC6DE}.Debug|Any CPU.Build.0 = Debug|Any CPU
		{F861EC13-E5F3-D268-6116-2FB4672AC6DE}.Release|Any CPU.ActiveCfg = Release|Any CPU
		{F861EC13-E5F3-D268-6116-2FB4672AC6DE}.Release|Any CPU.Build.0 = Release|Any CPU
		{8E93DE81-6024-DF7D-61B9-C3D866B74A29}.Debug|Any CPU.ActiveCfg = Debug|Any CPU
		{8E93DE81-6024-DF7D-61B9-C3D866B74A29}.Debug|Any CPU.Build.0 = Debug|Any CPU
		{8E93DE81-6024-DF7D-61B9-C3D866B74A29}.Release|Any CPU.ActiveCfg = Release|Any CPU
		{8E93DE81-6024-DF7D-61B9-C3D866B74A29}.Release|Any CPU.Build.0 = Release|Any CPU
		{4F9446AA-0651-DDD8-08D8-E36CB13B68FD}.Debug|Any CPU.ActiveCfg = Debug|Any CPU
		{4F9446AA-0651-DDD8-08D8-E36CB13B68FD}.Debug|Any CPU.Build.0 = Debug|Any CPU
		{4F9446AA-0651-DDD8-08D8-E36CB13B68FD}.Release|Any CPU.ActiveCfg = Release|Any CPU
		{4F9446AA-0651-DDD8-08D8-E36CB13B68FD}.Release|Any CPU.Build.0 = Release|Any CPU
		{8FEF59A9-0FCE-2035-B737-6EBFD5727792}.Debug|Any CPU.ActiveCfg = Debug|Any CPU
		{8FEF59A9-0FCE-2035-B737-6EBFD5727792}.Debug|Any CPU.Build.0 = Debug|Any CPU
		{8FEF59A9-0FCE-2035-B737-6EBFD5727792}.Release|Any CPU.ActiveCfg = Release|Any CPU
		{8FEF59A9-0FCE-2035-B737-6EBFD5727792}.Release|Any CPU.Build.0 = Release|Any CPU
		{6615F25B-A64C-1B7E-A502-AC45BC67575E}.Debug|Any CPU.ActiveCfg = Debug|Any CPU
		{6615F25B-A64C-1B7E-A502-AC45BC67575E}.Debug|Any CPU.Build.0 = Debug|Any CPU
		{6615F25B-A64C-1B7E-A502-AC45BC67575E}.Release|Any CPU.ActiveCfg = Release|Any CPU
		{6615F25B-A64C-1B7E-A502-AC45BC67575E}.Release|Any CPU.Build.0 = Release|Any CPU
		{E74591D0-CEB5-3249-AAA4-D0E7294C257D}.Debug|Any CPU.ActiveCfg = Debug|Any CPU
		{E74591D0-CEB5-3249-AAA4-D0E7294C257D}.Debug|Any CPU.Build.0 = Debug|Any CPU
		{E74591D0-CEB5-3249-AAA4-D0E7294C257D}.Release|Any CPU.ActiveCfg = Release|Any CPU
		{E74591D0-CEB5-3249-AAA4-D0E7294C257D}.Release|Any CPU.Build.0 = Release|Any CPU
		{6C3EFF66-CE8F-765F-8D45-B89A2B0467FE}.Debug|Any CPU.ActiveCfg = Debug|Any CPU
		{6C3EFF66-CE8F-765F-8D45-B89A2B0467FE}.Debug|Any CPU.Build.0 = Debug|Any CPU
		{6C3EFF66-CE8F-765F-8D45-B89A2B0467FE}.Release|Any CPU.ActiveCfg = Release|Any CPU
		{6C3EFF66-CE8F-765F-8D45-B89A2B0467FE}.Release|Any CPU.Build.0 = Release|Any CPU
		{C508E0FE-0C00-CC59-B95A-6E883AC4CAA3}.Debug|Any CPU.ActiveCfg = Debug|Any CPU
		{C508E0FE-0C00-CC59-B95A-6E883AC4CAA3}.Debug|Any CPU.Build.0 = Debug|Any CPU
		{C508E0FE-0C00-CC59-B95A-6E883AC4CAA3}.Release|Any CPU.ActiveCfg = Release|Any CPU
		{C508E0FE-0C00-CC59-B95A-6E883AC4CAA3}.Release|Any CPU.Build.0 = Release|Any CPU
		{5DE51D0C-EFE7-A75B-55C9-D33A5D188706}.Debug|Any CPU.ActiveCfg = Debug|Any CPU
		{5DE51D0C-EFE7-A75B-55C9-D33A5D188706}.Debug|Any CPU.Build.0 = Debug|Any CPU
		{5DE51D0C-EFE7-A75B-55C9-D33A5D188706}.Release|Any CPU.ActiveCfg = Release|Any CPU
		{5DE51D0C-EFE7-A75B-55C9-D33A5D188706}.Release|Any CPU.Build.0 = Release|Any CPU
		{0DD953B3-0350-7387-7739-5A7A86E71BC5}.Debug|Any CPU.ActiveCfg = Debug|Any CPU
		{0DD953B3-0350-7387-7739-5A7A86E71BC5}.Debug|Any CPU.Build.0 = Debug|Any CPU
		{0DD953B3-0350-7387-7739-5A7A86E71BC5}.Release|Any CPU.ActiveCfg = Release|Any CPU
		{0DD953B3-0350-7387-7739-5A7A86E71BC5}.Release|Any CPU.Build.0 = Release|Any CPU
		{ADD9EFB9-B852-C6EF-8B2C-338352343291}.Debug|Any CPU.ActiveCfg = Debug|Any CPU
		{ADD9EFB9-B852-C6EF-8B2C-338352343291}.Debug|Any CPU.Build.0 = Debug|Any CPU
		{ADD9EFB9-B852-C6EF-8B2C-338352343291}.Release|Any CPU.ActiveCfg = Release|Any CPU
		{ADD9EFB9-B852-C6EF-8B2C-338352343291}.Release|Any CPU.Build.0 = Release|Any CPU
		{1BCF3E0B-9C4D-DD2E-E736-48E78FB3C911}.Debug|Any CPU.ActiveCfg = Debug|Any CPU
		{1BCF3E0B-9C4D-DD2E-E736-48E78FB3C911}.Debug|Any CPU.Build.0 = Debug|Any CPU
		{1BCF3E0B-9C4D-DD2E-E736-48E78FB3C911}.Release|Any CPU.ActiveCfg = Release|Any CPU
		{1BCF3E0B-9C4D-DD2E-E736-48E78FB3C911}.Release|Any CPU.Build.0 = Release|Any CPU
		{5CE1A7F1-8BD7-050D-C92E-8E9494C4BF41}.Debug|Any CPU.ActiveCfg = Debug|Any CPU
		{5CE1A7F1-8BD7-050D-C92E-8E9494C4BF41}.Debug|Any CPU.Build.0 = Debug|Any CPU
		{5CE1A7F1-8BD7-050D-C92E-8E9494C4BF41}.Release|Any CPU.ActiveCfg = Release|Any CPU
		{5CE1A7F1-8BD7-050D-C92E-8E9494C4BF41}.Release|Any CPU.Build.0 = Release|Any CPU
		{AEED3E78-3F3B-8120-07A2-7D74F8ADFC15}.Debug|Any CPU.ActiveCfg = Debug|Any CPU
		{AEED3E78-3F3B-8120-07A2-7D74F8ADFC15}.Debug|Any CPU.Build.0 = Debug|Any CPU
		{AEED3E78-3F3B-8120-07A2-7D74F8ADFC15}.Release|Any CPU.ActiveCfg = Release|Any CPU
		{AEED3E78-3F3B-8120-07A2-7D74F8ADFC15}.Release|Any CPU.Build.0 = Release|Any CPU
		{B6BE08BA-50AB-ABF7-5831-D78A3804B9C7}.Debug|Any CPU.ActiveCfg = Debug|Any CPU
		{B6BE08BA-50AB-ABF7-5831-D78A3804B9C7}.Debug|Any CPU.Build.0 = Debug|Any CPU
		{B6BE08BA-50AB-ABF7-5831-D78A3804B9C7}.Release|Any CPU.ActiveCfg = Release|Any CPU
		{B6BE08BA-50AB-ABF7-5831-D78A3804B9C7}.Release|Any CPU.Build.0 = Release|Any CPU
		{85BDAAA2-AE6D-7492-F77E-79FDB62EC794}.Debug|Any CPU.ActiveCfg = Debug|Any CPU
		{85BDAAA2-AE6D-7492-F77E-79FDB62EC794}.Debug|Any CPU.Build.0 = Debug|Any CPU
		{85BDAAA2-AE6D-7492-F77E-79FDB62EC794}.Release|Any CPU.ActiveCfg = Release|Any CPU
		{85BDAAA2-AE6D-7492-F77E-79FDB62EC794}.Release|Any CPU.Build.0 = Release|Any CPU
		{9C021C14-E3DD-D89F-8F6C-878095BDB96E}.Debug|Any CPU.ActiveCfg = Debug|Any CPU
		{9C021C14-E3DD-D89F-8F6C-878095BDB96E}.Debug|Any CPU.Build.0 = Debug|Any CPU
		{9C021C14-E3DD-D89F-8F6C-878095BDB96E}.Release|Any CPU.ActiveCfg = Release|Any CPU
		{9C021C14-E3DD-D89F-8F6C-878095BDB96E}.Release|Any CPU.Build.0 = Release|Any CPU
		{A6501429-D7FB-E56D-C153-2F3F318A4A98}.Debug|Any CPU.ActiveCfg = Debug|Any CPU
		{A6501429-D7FB-E56D-C153-2F3F318A4A98}.Debug|Any CPU.Build.0 = Debug|Any CPU
		{A6501429-D7FB-E56D-C153-2F3F318A4A98}.Release|Any CPU.ActiveCfg = Release|Any CPU
		{A6501429-D7FB-E56D-C153-2F3F318A4A98}.Release|Any CPU.Build.0 = Release|Any CPU
		{F3FDB545-B48D-86CA-62C2-F84A5D027B2D}.Debug|Any CPU.ActiveCfg = Debug|Any CPU
		{F3FDB545-B48D-86CA-62C2-F84A5D027B2D}.Debug|Any CPU.Build.0 = Debug|Any CPU
		{F3FDB545-B48D-86CA-62C2-F84A5D027B2D}.Release|Any CPU.ActiveCfg = Release|Any CPU
		{F3FDB545-B48D-86CA-62C2-F84A5D027B2D}.Release|Any CPU.Build.0 = Release|Any CPU
		{BD0948F1-188E-7023-B906-9D33775CD0D9}.Debug|Any CPU.ActiveCfg = Debug|Any CPU
		{BD0948F1-188E-7023-B906-9D33775CD0D9}.Debug|Any CPU.Build.0 = Debug|Any CPU
		{BD0948F1-188E-7023-B906-9D33775CD0D9}.Release|Any CPU.ActiveCfg = Release|Any CPU
		{BD0948F1-188E-7023-B906-9D33775CD0D9}.Release|Any CPU.Build.0 = Release|Any CPU
		{37B153FC-6549-1C94-CFCD-AD9B0F8458D8}.Debug|Any CPU.ActiveCfg = Debug|Any CPU
		{37B153FC-6549-1C94-CFCD-AD9B0F8458D8}.Debug|Any CPU.Build.0 = Debug|Any CPU
		{37B153FC-6549-1C94-CFCD-AD9B0F8458D8}.Release|Any CPU.ActiveCfg = Release|Any CPU
		{37B153FC-6549-1C94-CFCD-AD9B0F8458D8}.Release|Any CPU.Build.0 = Release|Any CPU
		{B4556839-46E1-A227-6A0D-B66D17FEB7F6}.Debug|Any CPU.ActiveCfg = Debug|Any CPU
		{B4556839-46E1-A227-6A0D-B66D17FEB7F6}.Debug|Any CPU.Build.0 = Debug|Any CPU
		{B4556839-46E1-A227-6A0D-B66D17FEB7F6}.Release|Any CPU.ActiveCfg = Release|Any CPU
		{B4556839-46E1-A227-6A0D-B66D17FEB7F6}.Release|Any CPU.Build.0 = Release|Any CPU
		{9B6E069D-8EC8-15FC-3767-1A6A33452C7A}.Debug|Any CPU.ActiveCfg = Debug|Any CPU
		{9B6E069D-8EC8-15FC-3767-1A6A33452C7A}.Debug|Any CPU.Build.0 = Debug|Any CPU
		{9B6E069D-8EC8-15FC-3767-1A6A33452C7A}.Release|Any CPU.ActiveCfg = Release|Any CPU
		{9B6E069D-8EC8-15FC-3767-1A6A33452C7A}.Release|Any CPU.Build.0 = Release|Any CPU
		{E853F52B-FE69-3618-494B-86577C3D370A}.Debug|Any CPU.ActiveCfg = Debug|Any CPU
		{E853F52B-FE69-3618-494B-86577C3D370A}.Debug|Any CPU.Build.0 = Debug|Any CPU
		{E853F52B-FE69-3618-494B-86577C3D370A}.Release|Any CPU.ActiveCfg = Release|Any CPU
		{E853F52B-FE69-3618-494B-86577C3D370A}.Release|Any CPU.Build.0 = Release|Any CPU
		{2E7296DE-5809-1891-DB04-FCD9E4846232}.Debug|Any CPU.ActiveCfg = Debug|Any CPU
		{2E7296DE-5809-1891-DB04-FCD9E4846232}.Debug|Any CPU.Build.0 = Debug|Any CPU
		{2E7296DE-5809-1891-DB04-FCD9E4846232}.Release|Any CPU.ActiveCfg = Release|Any CPU
		{2E7296DE-5809-1891-DB04-FCD9E4846232}.Release|Any CPU.Build.0 = Release|Any CPU
		{27B6BD96-8012-5F2A-92BA-AF87A2E70DFB}.Debug|Any CPU.ActiveCfg = Debug|Any CPU
		{27B6BD96-8012-5F2A-92BA-AF87A2E70DFB}.Debug|Any CPU.Build.0 = Debug|Any CPU
		{27B6BD96-8012-5F2A-92BA-AF87A2E70DFB}.Release|Any CPU.ActiveCfg = Release|Any CPU
		{27B6BD96-8012-5F2A-92BA-AF87A2E70DFB}.Release|Any CPU.Build.0 = Release|Any CPU
		{C04BDD0B-42BB-2B6E-5703-161FF4FA3992}.Debug|Any CPU.ActiveCfg = Debug|Any CPU
		{C04BDD0B-42BB-2B6E-5703-161FF4FA3992}.Debug|Any CPU.Build.0 = Debug|Any CPU
		{C04BDD0B-42BB-2B6E-5703-161FF4FA3992}.Release|Any CPU.ActiveCfg = Release|Any CPU
		{C04BDD0B-42BB-2B6E-5703-161FF4FA3992}.Release|Any CPU.Build.0 = Release|Any CPU
		{683769C9-2536-CBF3-26BD-C12398593BBB}.Debug|Any CPU.ActiveCfg = Debug|Any CPU
		{683769C9-2536-CBF3-26BD-C12398593BBB}.Debug|Any CPU.Build.0 = Debug|Any CPU
		{683769C9-2536-CBF3-26BD-C12398593BBB}.Release|Any CPU.ActiveCfg = Release|Any CPU
		{683769C9-2536-CBF3-26BD-C12398593BBB}.Release|Any CPU.Build.0 = Release|Any CPU
		{C8DC12E7-B892-86A7-B97D-F405C680919C}.Debug|Any CPU.ActiveCfg = Debug|Any CPU
		{C8DC12E7-B892-86A7-B97D-F405C680919C}.Debug|Any CPU.Build.0 = Debug|Any CPU
		{C8DC12E7-B892-86A7-B97D-F405C680919C}.Release|Any CPU.ActiveCfg = Release|Any CPU
		{C8DC12E7-B892-86A7-B97D-F405C680919C}.Release|Any CPU.Build.0 = Release|Any CPU
		{5033470B-B2E1-599C-B9CB-B8B82A92D33E}.Debug|Any CPU.ActiveCfg = Debug|Any CPU
		{5033470B-B2E1-599C-B9CB-B8B82A92D33E}.Debug|Any CPU.Build.0 = Debug|Any CPU
		{5033470B-B2E1-599C-B9CB-B8B82A92D33E}.Release|Any CPU.ActiveCfg = Release|Any CPU
		{5033470B-B2E1-599C-B9CB-B8B82A92D33E}.Release|Any CPU.Build.0 = Release|Any CPU
		{2214E16F-E67B-BB06-92F3-5F56EC0629E8}.Debug|Any CPU.ActiveCfg = Debug|Any CPU
		{2214E16F-E67B-BB06-92F3-5F56EC0629E8}.Debug|Any CPU.Build.0 = Debug|Any CPU
		{2214E16F-E67B-BB06-92F3-5F56EC0629E8}.Release|Any CPU.ActiveCfg = Release|Any CPU
		{2214E16F-E67B-BB06-92F3-5F56EC0629E8}.Release|Any CPU.Build.0 = Release|Any CPU
		{FEAE094E-447B-80D4-DD97-380198811065}.Debug|Any CPU.ActiveCfg = Debug|Any CPU
		{FEAE094E-447B-80D4-DD97-380198811065}.Debug|Any CPU.Build.0 = Debug|Any CPU
		{FEAE094E-447B-80D4-DD97-380198811065}.Release|Any CPU.ActiveCfg = Release|Any CPU
		{FEAE094E-447B-80D4-DD97-380198811065}.Release|Any CPU.Build.0 = Release|Any CPU
		{02A8F228-4848-DFE6-4409-280F21CD8936}.Debug|Any CPU.ActiveCfg = Debug|Any CPU
		{02A8F228-4848-DFE6-4409-280F21CD8936}.Debug|Any CPU.Build.0 = Debug|Any CPU
		{02A8F228-4848-DFE6-4409-280F21CD8936}.Release|Any CPU.ActiveCfg = Release|Any CPU
		{02A8F228-4848-DFE6-4409-280F21CD8936}.Release|Any CPU.Build.0 = Release|Any CPU
		{9FA899D9-3FA2-E127-1889-97CB454AE695}.Debug|Any CPU.ActiveCfg = Debug|Any CPU
		{9FA899D9-3FA2-E127-1889-97CB454AE695}.Debug|Any CPU.Build.0 = Debug|Any CPU
		{9FA899D9-3FA2-E127-1889-97CB454AE695}.Release|Any CPU.ActiveCfg = Release|Any CPU
		{9FA899D9-3FA2-E127-1889-97CB454AE695}.Release|Any CPU.Build.0 = Release|Any CPU
	EndGlobalSection
	GlobalSection(SolutionProperties) = preSolution
		HideSolutionNode = FALSE
	EndGlobalSection
EndGlobal
